
Microsoft Visual Studio Solution File, Format Version 12.00
# Visual Studio Version 17
VisualStudioVersion = 17.3.32825.248
MinimumVisualStudioVersion = 10.0.40219.1
Project("{9A19103F-16F7-4668-BE54-9A1E7A4F7556}") = "dotnet-redoc", "dotnet-redoc.csproj", "{8D828D30-CDD0-4501-8EE8-3C7FF84AF445}"
EndProject
Global
	GlobalSection(SolutionConfigurationPlatforms) = preSolution
		Debug|Any CPU = Debug|Any CPU
		Release|Any CPU = Release|Any CPU
	EndGlobalSection
	GlobalSection(ProjectConfigurationPlatforms) = postSolution
		{8D828D30-CDD0-4501-8EE8-3C7FF84AF445}.Debug|Any CPU.ActiveCfg = Debug|Any CPU
		{8D828D30-CDD0-4501-8EE8-3C7FF84AF445}.Debug|Any CPU.Build.0 = Debug|Any CPU
		{8D828D30-CDD0-4501-8EE8-3C7FF84AF445}.Release|Any CPU.ActiveCfg = Release|Any CPU
		{8D828D30-CDD0-4501-8EE8-3C7FF84AF445}.Release|Any CPU.Build.0 = Release|Any CPU
	EndGlobalSection
	GlobalSection(SolutionProperties) = preSolution
		HideSolutionNode = FALSE
	EndGlobalSection
	GlobalSection(ExtensibilityGlobals) = postSolution
		SolutionGuid = {ADC0D2ED-FD06-47AC-971F-87F2E2FF2B26}
	EndGlobalSection
EndGlobal
