
Microsoft Visual Studio Solution File, Format Version 12.00
# Visual Studio Version 17
VisualStudioVersion = 17.5.33530.505
MinimumVisualStudioVersion = 10.0.40219.1
Project("{9A19103F-16F7-4668-BE54-9A1E7A4F7556}") = "API", "API\API.csproj", "{B568AC2F-A5EC-40DE-A8E9-FCA0011AC0C6}"
EndProject
Project("{FAE04EC0-301F-11D3-BF4B-00C04F79EFBC}") = "API.Tests", "API.Tests\API.Tests.csproj", "{D0708D05-2C7D-4C7F-B052-4060C6EBA4EE}"
EndProject
Global
	GlobalSection(SolutionConfigurationPlatforms) = preSolution
		Debug|Any CPU = Debug|Any CPU
		Release|Any CPU = Release|Any CPU
	EndGlobalSection
	GlobalSection(ProjectConfigurationPlatforms) = postSolution
		{B568AC2F-A5EC-40DE-A8E9-FCA0011AC0C6}.Debug|Any CPU.ActiveCfg = Debug|Any CPU
		{B568AC2F-A5EC-40DE-A8E9-FCA0011AC0C6}.Debug|Any CPU.Build.0 = Debug|Any CPU
		{B568AC2F-A5EC-40DE-A8E9-FCA0011AC0C6}.Release|Any CPU.ActiveCfg = Release|Any CPU
		{B568AC2F-A5EC-40DE-A8E9-FCA0011AC0C6}.Release|Any CPU.Build.0 = Release|Any CPU
		{D0708D05-2C7D-4C7F-B052-4060C6EBA4EE}.Debug|Any CPU.ActiveCfg = Debug|Any CPU
		{D0708D05-2C7D-4C7F-B052-4060C6EBA4EE}.Debug|Any CPU.Build.0 = Debug|Any CPU
		{D0708D05-2C7D-4C7F-B052-4060C6EBA4EE}.Release|Any CPU.ActiveCfg = Release|Any CPU
		{D0708D05-2C7D-4C7F-B052-4060C6EBA4EE}.Release|Any CPU.Build.0 = Release|Any CPU
	EndGlobalSection
	GlobalSection(SolutionProperties) = preSolution
		HideSolutionNode = FALSE
	EndGlobalSection
	GlobalSection(ExtensibilityGlobals) = postSolution
		SolutionGuid = {7ED4C265-5437-442C-8E66-552B96571275}
	EndGlobalSection
EndGlobal
